// !$*UTF8*$!
{
	archiveVersion = 1;
	classes = {
	};
	objectVersion = 77;
	objects = {

/* Begin PBXBuildFile section */
		50A6585B2D9C825D0064A1FD /* SceneKit.framework in Frameworks */ = {isa = PBXBuildFile; fileRef = 50A6585A2D9C825D0064A1FD /* SceneKit.framework */; };
/* End PBXBuildFile section */

/* Begin PBXContainerItemProxy section */
		37F20FE02D95F065000D8946 /* PBXContainerItemProxy */ = {
			isa = PBXContainerItemProxy;
			containerPortal = 37F20FC22D95F060000D8946 /* Project object */;
			proxyType = 1;
			remoteGlobalIDString = 37F20FC92D95F060000D8946;
			remoteInfo = "3D-Puzzle-Game";
		};
		37F20FEA2D95F065000D8946 /* PBXContainerItemProxy */ = {
			isa = PBXContainerItemProxy;
			containerPortal = 37F20FC22D95F060000D8946 /* Project object */;
			proxyType = 1;
			remoteGlobalIDString = 37F20FC92D95F060000D8946;
			remoteInfo = "3D-Puzzle-Game";
		};
/* End PBXContainerItemProxy section */

/* Begin PBXFileReference section */
		37F20FCA2D95F060000D8946 /* 3D-Puzzle-Game.app */ = {isa = PBXFileReference; explicitFileType = wrapper.application; includeInIndex = 0; path = "3D-Puzzle-Game.app"; sourceTree = BUILT_PRODUCTS_DIR; };
		37F20FDF2D95F065000D8946 /* 3D-Puzzle-GameTests.xctest */ = {isa = PBXFileReference; explicitFileType = wrapper.cfbundle; includeInIndex = 0; path = "3D-Puzzle-GameTests.xctest"; sourceTree = BUILT_PRODUCTS_DIR; };
		37F20FE92D95F065000D8946 /* 3D-Puzzle-GameUITests.xctest */ = {isa = PBXFileReference; explicitFileType = wrapper.cfbundle; includeInIndex = 0; path = "3D-Puzzle-GameUITests.xctest"; sourceTree = BUILT_PRODUCTS_DIR; };
		50A6585A2D9C825D0064A1FD /* SceneKit.framework */ = {isa = PBXFileReference; lastKnownFileType = wrapper.framework; name = SceneKit.framework; path = System/Library/Frameworks/SceneKit.framework; sourceTree = SDKROOT; };
/* End PBXFileReference section */

/* Begin PBXFileSystemSynchronizedRootGroup section */
		37F20FCC2D95F060000D8946 /* 3D-Puzzle-Game */ = {
			isa = PBXFileSystemSynchronizedRootGroup;
			path = "3D-Puzzle-Game";
			sourceTree = "<group>";
		};
		37F20FE22D95F065000D8946 /* 3D-Puzzle-GameTests */ = {
			isa = PBXFileSystemSynchronizedRootGroup;
			path = "3D-Puzzle-GameTests";
			sourceTree = "<group>";
		};
		37F20FEC2D95F065000D8946 /* 3D-Puzzle-GameUITests */ = {
			isa = PBXFileSystemSynchronizedRootGroup;
			path = "3D-Puzzle-GameUITests";
			sourceTree = "<group>";
		};
/* End PBXFileSystemSynchronizedRootGroup section */

/* Begin PBXFrameworksBuildPhase section */
		37F20FC72D95F060000D8946 /* Frameworks */ = {
			isa = PBXFrameworksBuildPhase;
			buildActionMask = 2147483647;
			files = (
				50A6585B2D9C825D0064A1FD /* SceneKit.framework in Frameworks */,
			);
			runOnlyForDeploymentPostprocessing = 0;
		};
		37F20FDC2D95F065000D8946 /* Frameworks */ = {
			isa = PBXFrameworksBuildPhase;
			buildActionMask = 2147483647;
			files = (
			);
			runOnlyForDeploymentPostprocessing = 0;
		};
		37F20FE62D95F065000D8946 /* Frameworks */ = {
			isa = PBXFrameworksBuildPhase;
			buildActionMask = 2147483647;
			files = (
			);
			runOnlyForDeploymentPostprocessing = 0;
		};
/* End PBXFrameworksBuildPhase section */

/* Begin PBXGroup section */
		37F20FC12D95F060000D8946 = {
			isa = PBXGroup;
			children = (
				37F20FCC2D95F060000D8946 /* 3D-Puzzle-Game */,
				37F20FE22D95F065000D8946 /* 3D-Puzzle-GameTests */,
				37F20FEC2D95F065000D8946 /* 3D-Puzzle-GameUITests */,
				50A658592D9C825D0064A1FD /* Frameworks */,
				37F20FCB2D95F060000D8946 /* Products */,
			);
			sourceTree = "<group>";
		};
		37F20FCB2D95F060000D8946 /* Products */ = {
			isa = PBXGroup;
			children = (
				37F20FCA2D95F060000D8946 /* 3D-Puzzle-Game.app */,
				37F20FDF2D95F065000D8946 /* 3D-Puzzle-GameTests.xctest */,
				37F20FE92D95F065000D8946 /* 3D-Puzzle-GameUITests.xctest */,
			);
			name = Products;
			sourceTree = "<group>";
		};
		50A658592D9C825D0064A1FD /* Frameworks */ = {
			isa = PBXGroup;
			children = (
				50A6585A2D9C825D0064A1FD /* SceneKit.framework */,
			);
			name = Frameworks;
			sourceTree = "<group>";
		};
/* End PBXGroup section */

/* Begin PBXNativeTarget section */
		37F20FC92D95F060000D8946 /* 3D-Puzzle-Game */ = {
			isa = PBXNativeTarget;
			buildConfigurationList = 37F20FF32D95F065000D8946 /* Build configuration list for PBXNativeTarget "3D-Puzzle-Game" */;
			buildPhases = (
				37F20FC62D95F060000D8946 /* Sources */,
				37F20FC72D95F060000D8946 /* Frameworks */,
				37F20FC82D95F060000D8946 /* Resources */,
			);
			buildRules = (
			);
			dependencies = (
			);
			fileSystemSynchronizedGroups = (
				37F20FCC2D95F060000D8946 /* 3D-Puzzle-Game */,
			);
			name = "3D-Puzzle-Game";
			packageProductDependencies = (
			);
			productName = "3D-Puzzle-Game";
			productReference = 37F20FCA2D95F060000D8946 /* 3D-Puzzle-Game.app */;
			productType = "com.apple.product-type.application";
		};
		37F20FDE2D95F065000D8946 /* 3D-Puzzle-GameTests */ = {
			isa = PBXNativeTarget;
			buildConfigurationList = 37F20FF62D95F065000D8946 /* Build configuration list for PBXNativeTarget "3D-Puzzle-GameTests" */;
			buildPhases = (
				37F20FDB2D95F065000D8946 /* Sources */,
				37F20FDC2D95F065000D8946 /* Frameworks */,
				37F20FDD2D95F065000D8946 /* Resources */,
			);
			buildRules = (
			);
			dependencies = (
				37F20FE12D95F065000D8946 /* PBXTargetDependency */,
			);
			fileSystemSynchronizedGroups = (
				37F20FE22D95F065000D8946 /* 3D-Puzzle-GameTests */,
			);
			name = "3D-Puzzle-GameTests";
			packageProductDependencies = (
			);
			productName = "3D-Puzzle-GameTests";
			productReference = 37F20FDF2D95F065000D8946 /* 3D-Puzzle-GameTests.xctest */;
			productType = "com.apple.product-type.bundle.unit-test";
		};
		37F20FE82D95F065000D8946 /* 3D-Puzzle-GameUITests */ = {
			isa = PBXNativeTarget;
			buildConfigurationList = 37F20FF92D95F065000D8946 /* Build configuration list for PBXNativeTarget "3D-Puzzle-GameUITests" */;
			buildPhases = (
				37F20FE52D95F065000D8946 /* Sources */,
				37F20FE62D95F065000D8946 /* Frameworks */,
				37F20FE72D95F065000D8946 /* Resources */,
			);
			buildRules = (
			);
			dependencies = (
				37F20FEB2D95F065000D8946 /* PBXTargetDependency */,
			);
			fileSystemSynchronizedGroups = (
				37F20FEC2D95F065000D8946 /* 3D-Puzzle-GameUITests */,
			);
			name = "3D-Puzzle-GameUITests";
			packageProductDependencies = (
			);
			productName = "3D-Puzzle-GameUITests";
			productReference = 37F20FE92D95F065000D8946 /* 3D-Puzzle-GameUITests.xctest */;
			productType = "com.apple.product-type.bundle.ui-testing";
		};
/* End PBXNativeTarget section */

/* Begin PBXProject section */
		37F20FC22D95F060000D8946 /* Project object */ = {
			isa = PBXProject;
			attributes = {
				BuildIndependentTargetsInParallel = 1;
				LastSwiftUpdateCheck = 1620;
				LastUpgradeCheck = 1620;
				TargetAttributes = {
					37F20FC92D95F060000D8946 = {
						CreatedOnToolsVersion = 16.2;
					};
					37F20FDE2D95F065000D8946 = {
						CreatedOnToolsVersion = 16.2;
						TestTargetID = 37F20FC92D95F060000D8946;
					};
					37F20FE82D95F065000D8946 = {
						CreatedOnToolsVersion = 16.2;
						TestTargetID = 37F20FC92D95F060000D8946;
					};
				};
			};
			buildConfigurationList = 37F20FC52D95F060000D8946 /* Build configuration list for PBXProject "3D-Puzzle-Game" */;
			developmentRegion = en;
			hasScannedForEncodings = 0;
			knownRegions = (
				en,
				Base,
			);
			mainGroup = 37F20FC12D95F060000D8946;
			minimizedProjectReferenceProxies = 1;
			preferredProjectObjectVersion = 77;
			productRefGroup = 37F20FCB2D95F060000D8946 /* Products */;
			projectDirPath = "";
			projectRoot = "";
			targets = (
				37F20FC92D95F060000D8946 /* 3D-Puzzle-Game */,
				37F20FDE2D95F065000D8946 /* 3D-Puzzle-GameTests */,
				37F20FE82D95F065000D8946 /* 3D-Puzzle-GameUITests */,
			);
		};
/* End PBXProject section */

/* Begin PBXResourcesBuildPhase section */
		37F20FC82D95F060000D8946 /* Resources */ = {
			isa = PBXResourcesBuildPhase;
			buildActionMask = 2147483647;
			files = (
			);
			runOnlyForDeploymentPostprocessing = 0;
		};
		37F20FDD2D95F065000D8946 /* Resources */ = {
			isa = PBXResourcesBuildPhase;
			buildActionMask = 2147483647;
			files = (
			);
			runOnlyForDeploymentPostprocessing = 0;
		};
		37F20FE72D95F065000D8946 /* Resources */ = {
			isa = PBXResourcesBuildPhase;
			buildActionMask = 2147483647;
			files = (
			);
			runOnlyForDeploymentPostprocessing = 0;
		};
/* End PBXResourcesBuildPhase section */

/* Begin PBXSourcesBuildPhase section */
		37F20FC62D95F060000D8946 /* Sources */ = {
			isa = PBXSourcesBuildPhase;
			buildActionMask = 2147483647;
			files = (
			);
			runOnlyForDeploymentPostprocessing = 0;
		};
		37F20FDB2D95F065000D8946 /* Sources */ = {
			isa = PBXSourcesBuildPhase;
			buildActionMask = 2147483647;
			files = (
			);
			runOnlyForDeploymentPostprocessing = 0;
		};
		37F20FE52D95F065000D8946 /* Sources */ = {
			isa = PBXSourcesBuildPhase;
			buildActionMask = 2147483647;
			files = (
			);
			runOnlyForDeploymentPostprocessing = 0;
		};
/* End PBXSourcesBuildPhase section */

/* Begin PBXTargetDependency section */
		37F20FE12D95F065000D8946 /* PBXTargetDependency */ = {
			isa = PBXTargetDependency;
			target = 37F20FC92D95F060000D8946 /* 3D-Puzzle-Game */;
			targetProxy = 37F20FE02D95F065000D8946 /* PBXContainerItemProxy */;
		};
		37F20FEB2D95F065000D8946 /* PBXTargetDependency */ = {
			isa = PBXTargetDependency;
			target = 37F20FC92D95F060000D8946 /* 3D-Puzzle-Game */;
			targetProxy = 37F20FEA2D95F065000D8946 /* PBXContainerItemProxy */;
		};
/* End PBXTargetDependency section */

/* Begin XCBuildConfiguration section */
		37F20FF12D95F065000D8946 /* Debug */ = {
			isa = XCBuildConfiguration;
			buildSettings = {
				ALWAYS_SEARCH_USER_PATHS = NO;
				ASSETCATALOG_COMPILER_GENERATE_SWIFT_ASSET_SYMBOL_EXTENSIONS = YES;
				CLANG_ANALYZER_NONNULL = YES;
				CLANG_ANALYZER_NUMBER_OBJECT_CONVERSION = YES_AGGRESSIVE;
				CLANG_CXX_LANGUAGE_STANDARD = "gnu++20";
				CLANG_ENABLE_MODULES = YES;
				CLANG_ENABLE_OBJC_ARC = YES;
				CLANG_ENABLE_OBJC_WEAK = YES;
				CLANG_WARN_BLOCK_CAPTURE_AUTORELEASING = YES;
				CLANG_WARN_BOOL_CONVERSION = YES;
				CLANG_WARN_COMMA = YES;
				CLANG_WARN_CONSTANT_CONVERSION = YES;
				CLANG_WARN_DEPRECATED_OBJC_IMPLEMENTATIONS = YES;
				CLANG_WARN_DIRECT_OBJC_ISA_USAGE = YES_ERROR;
				CLANG_WARN_DOCUMENTATION_COMMENTS = YES;
				CLANG_WARN_EMPTY_BODY = YES;
				CLANG_WARN_ENUM_CONVERSION = YES;
				CLANG_WARN_INFINITE_RECURSION = YES;
				CLANG_WARN_INT_CONVERSION = YES;
				CLANG_WARN_NON_LITERAL_NULL_CONVERSION = YES;
				CLANG_WARN_OBJC_IMPLICIT_RETAIN_SELF = YES;
				CLANG_WARN_OBJC_LITERAL_CONVERSION = YES;
				CLANG_WARN_OBJC_ROOT_CLASS = YES_ERROR;
				CLANG_WARN_QUOTED_INCLUDE_IN_FRAMEWORK_HEADER = YES;
				CLANG_WARN_RANGE_LOOP_ANALYSIS = YES;
				CLANG_WARN_STRICT_PROTOTYPES = YES;
				CLANG_WARN_SUSPICIOUS_MOVE = YES;
				CLANG_WARN_UNGUARDED_AVAILABILITY = YES_AGGRESSIVE;
				CLANG_WARN_UNREACHABLE_CODE = YES;
				CLANG_WARN__DUPLICATE_METHOD_MATCH = YES;
				COPY_PHASE_STRIP = NO;
				DEBUG_INFORMATION_FORMAT = dwarf;
				ENABLE_STRICT_OBJC_MSGSEND = YES;
				ENABLE_TESTABILITY = YES;
				ENABLE_USER_SCRIPT_SANDBOXING = YES;
				GCC_C_LANGUAGE_STANDARD = gnu17;
				GCC_DYNAMIC_NO_PIC = NO;
				GCC_NO_COMMON_BLOCKS = YES;
				GCC_OPTIMIZATION_LEVEL = 0;
				GCC_PREPROCESSOR_DEFINITIONS = (
					"DEBUG=1",
					"$(inherited)",
				);
				GCC_WARN_64_TO_32_BIT_CONVERSION = YES;
				GCC_WARN_ABOUT_RETURN_TYPE = YES_ERROR;
				GCC_WARN_UNDECLARED_SELECTOR = YES;
				GCC_WARN_UNINITIALIZED_AUTOS = YES_AGGRESSIVE;
				GCC_WARN_UNUSED_FUNCTION = YES;
				GCC_WARN_UNUSED_VARIABLE = YES;
				IPHONEOS_DEPLOYMENT_TARGET = 18.2;
				LOCALIZATION_PREFERS_STRING_CATALOGS = YES;
				MTL_ENABLE_DEBUG_INFO = INCLUDE_SOURCE;
				MTL_FAST_MATH = YES;
				ONLY_ACTIVE_ARCH = YES;
				SDKROOT = iphoneos;
				SWIFT_ACTIVE_COMPILATION_CONDITIONS = "DEBUG $(inherited)";
				SWIFT_OPTIMIZATION_LEVEL = "-Onone";
			};
			name = Debug;
		};
		37F20FF22D95F065000D8946 /* Release */ = {
			isa = XCBuildConfiguration;
			buildSettings = {
				ALWAYS_SEARCH_USER_PATHS = NO;
				ASSETCATALOG_COMPILER_GENERATE_SWIFT_ASSET_SYMBOL_EXTENSIONS = YES;
				CLANG_ANALYZER_NONNULL = YES;
				CLANG_ANALYZER_NUMBER_OBJECT_CONVERSION = YES_AGGRESSIVE;
				CLANG_CXX_LANGUAGE_STANDARD = "gnu++20";
				CLANG_ENABLE_MODULES = YES;
				CLANG_ENABLE_OBJC_ARC = YES;
				CLANG_ENABLE_OBJC_WEAK = YES;
				CLANG_WARN_BLOCK_CAPTURE_AUTORELEASING = YES;
				CLANG_WARN_BOOL_CONVERSION = YES;
				CLANG_WARN_COMMA = YES;
				CLANG_WARN_CONSTANT_CONVERSION = YES;
				CLANG_WARN_DEPRECATED_OBJC_IMPLEMENTATIONS = YES;
				CLANG_WARN_DIRECT_OBJC_ISA_USAGE = YES_ERROR;
				CLANG_WARN_DOCUMENTATION_COMMENTS = YES;
				CLANG_WARN_EMPTY_BODY = YES;
				CLANG_WARN_ENUM_CONVERSION = YES;
				CLANG_WARN_INFINITE_RECURSION = YES;
				CLANG_WARN_INT_CONVERSION = YES;
				CLANG_WARN_NON_LITERAL_NULL_CONVERSION = YES;
				CLANG_WARN_OBJC_IMPLICIT_RETAIN_SELF = YES;
				CLANG_WARN_OBJC_LITERAL_CONVERSION = YES;
				CLANG_WARN_OBJC_ROOT_CLASS = YES_ERROR;
				CLANG_WARN_QUOTED_INCLUDE_IN_FRAMEWORK_HEADER = YES;
				CLANG_WARN_RANGE_LOOP_ANALYSIS = YES;
				CLANG_WARN_STRICT_PROTOTYPES = YES;
				CLANG_WARN_SUSPICIOUS_MOVE = YES;
				CLANG_WARN_UNGUARDED_AVAILABILITY = YES_AGGRESSIVE;
				CLANG_WARN_UNREACHABLE_CODE = YES;
				CLANG_WARN__DUPLICATE_METHOD_MATCH = YES;
				COPY_PHASE_STRIP = NO;
				DEBUG_INFORMATION_FORMAT = "dwarf-with-dsym";
				ENABLE_NS_ASSERTIONS = NO;
				ENABLE_STRICT_OBJC_MSGSEND = YES;
				ENABLE_USER_SCRIPT_SANDBOXING = YES;
				GCC_C_LANGUAGE_STANDARD = gnu17;
				GCC_NO_COMMON_BLOCKS = YES;
				GCC_WARN_64_TO_32_BIT_CONVERSION = YES;
				GCC_WARN_ABOUT_RETURN_TYPE = YES_ERROR;
				GCC_WARN_UNDECLARED_SELECTOR = YES;
				GCC_WARN_UNINITIALIZED_AUTOS = YES_AGGRESSIVE;
				GCC_WARN_UNUSED_FUNCTION = YES;
				GCC_WARN_UNUSED_VARIABLE = YES;
				IPHONEOS_DEPLOYMENT_TARGET = 18.2;
				LOCALIZATION_PREFERS_STRING_CATALOGS = YES;
				MTL_ENABLE_DEBUG_INFO = NO;
				MTL_FAST_MATH = YES;
				SDKROOT = iphoneos;
				SWIFT_COMPILATION_MODE = wholemodule;
				VALIDATE_PRODUCT = YES;
			};
			name = Release;
		};
		37F20FF42D95F065000D8946 /* Debug */ = {
			isa = XCBuildConfiguration;
			buildSettings = {
				ASSETCATALOG_COMPILER_APPICON_NAME = AppIcon;
				ASSETCATALOG_COMPILER_GLOBAL_ACCENT_COLOR_NAME = AccentColor;
				CODE_SIGN_STYLE = Automatic;
				CURRENT_PROJECT_VERSION = 1;
				GENERATE_INFOPLIST_FILE = YES;
				INFOPLIST_KEY_UIApplicationSupportsIndirectInputEvents = YES;
				INFOPLIST_KEY_UILaunchStoryboardName = LaunchScreen;
				INFOPLIST_KEY_UIMainStoryboardFile = Main;
				INFOPLIST_KEY_UIStatusBarHidden = YES;
				INFOPLIST_KEY_UISupportedInterfaceOrientations_iPad = "UIInterfaceOrientationPortrait UIInterfaceOrientationPortraitUpsideDown UIInterfaceOrientationLandscapeLeft UIInterfaceOrientationLandscapeRight";
				INFOPLIST_KEY_UISupportedInterfaceOrientations_iPhone = "UIInterfaceOrientationPortrait UIInterfaceOrientationLandscapeLeft UIInterfaceOrientationLandscapeRight";
				LD_RUNPATH_SEARCH_PATHS = (
					"$(inherited)",
					"@executable_path/Frameworks",
				);
				MARKETING_VERSION = 1.0;
				PRODUCT_BUNDLE_IDENTIFIER = "com.dylanchao.firstProgram.-D-Puzzle-Game";
				PRODUCT_NAME = "$(TARGET_NAME)";
				SWIFT_EMIT_LOC_STRINGS = YES;
				SWIFT_VERSION = 5.0;
				TARGETED_DEVICE_FAMILY = "1,2";
			};
			name = Debug;
		};
		37F20FF52D95F065000D8946 /* Release */ = {
			isa = XCBuildConfiguration;
			buildSettings = {
				ASSETCATALOG_COMPILER_APPICON_NAME = AppIcon;
				ASSETCATALOG_COMPILER_GLOBAL_ACCENT_COLOR_NAME = AccentColor;
				CODE_SIGN_STYLE = Automatic;
				CURRENT_PROJECT_VERSION = 1;
				GENERATE_INFOPLIST_FILE = YES;
				INFOPLIST_KEY_UIApplicationSupportsIndirectInputEvents = YES;
				INFOPLIST_KEY_UILaunchStoryboardName = LaunchScreen;
				INFOPLIST_KEY_UIMainStoryboardFile = Main;
				INFOPLIST_KEY_UIStatusBarHidden = YES;
				INFOPLIST_KEY_UISupportedInterfaceOrientations_iPad = "UIInterfaceOrientationPortrait UIInterfaceOrientationPortraitUpsideDown UIInterfaceOrientationLandscapeLeft UIInterfaceOrientationLandscapeRight";
				INFOPLIST_KEY_UISupportedInterfaceOrientations_iPhone = "UIInterfaceOrientationPortrait UIInterfaceOrientationLandscapeLeft UIInterfaceOrientationLandscapeRight";
				LD_RUNPATH_SEARCH_PATHS = (
					"$(inherited)",
					"@executable_path/Frameworks",
				);
				MARKETING_VERSION = 1.0;
				PRODUCT_BUNDLE_IDENTIFIER = "com.dylanchao.firstProgram.-D-Puzzle-Game";
				PRODUCT_NAME = "$(TARGET_NAME)";
				SWIFT_EMIT_LOC_STRINGS = YES;
				SWIFT_VERSION = 5.0;
				TARGETED_DEVICE_FAMILY = "1,2";
			};
			name = Release;
		};
		37F20FF72D95F065000D8946 /* Debug */ = {
			isa = XCBuildConfiguration;
			buildSettings = {
				BUNDLE_LOADER = "$(TEST_HOST)";
				CODE_SIGN_STYLE = Automatic;
				CURRENT_PROJECT_VERSION = 1;
				GENERATE_INFOPLIST_FILE = YES;
				IPHONEOS_DEPLOYMENT_TARGET = 18.2;
				MARKETING_VERSION = 1.0;
				PRODUCT_BUNDLE_IDENTIFIER = "com.dylanchao.firstProgram.-D-Puzzle-GameTests";
				PRODUCT_NAME = "$(TARGET_NAME)";
				SWIFT_EMIT_LOC_STRINGS = NO;
				SWIFT_VERSION = 5.0;
				TARGETED_DEVICE_FAMILY = "1,2";
				TEST_HOST = "$(BUILT_PRODUCTS_DIR)/3D-Puzzle-Game.app/$(BUNDLE_EXECUTABLE_FOLDER_PATH)/3D-Puzzle-Game";
			};
			name = Debug;
		};
		37F20FF82D95F065000D8946 /* Release */ = {
			isa = XCBuildConfiguration;
			buildSettings = {
				BUNDLE_LOADER = "$(TEST_HOST)";
				CODE_SIGN_STYLE = Automatic;
				CURRENT_PROJECT_VERSION = 1;
				GENERATE_INFOPLIST_FILE = YES;
				IPHONEOS_DEPLOYMENT_TARGET = 18.2;
				MARKETING_VERSION = 1.0;
				PRODUCT_BUNDLE_IDENTIFIER = "com.dylanchao.firstProgram.-D-Puzzle-GameTests";
				PRODUCT_NAME = "$(TARGET_NAME)";
				SWIFT_EMIT_LOC_STRINGS = NO;
				SWIFT_VERSION = 5.0;
				TARGETED_DEVICE_FAMILY = "1,2";
				TEST_HOST = "$(BUILT_PRODUCTS_DIR)/3D-Puzzle-Game.app/$(BUNDLE_EXECUTABLE_FOLDER_PATH)/3D-Puzzle-Game";
			};
			name = Release;
		};
		37F20FFA2D95F065000D8946 /* Debug */ = {
			isa = XCBuildConfiguration;
			buildSettings = {
				CODE_SIGN_STYLE = Automatic;
				CURRENT_PROJECT_VERSION = 1;
				GENERATE_INFOPLIST_FILE = YES;
				MARKETING_VERSION = 1.0;
				PRODUCT_BUNDLE_IDENTIFIER = "com.dylanchao.firstProgram.-D-Puzzle-GameUITests";
				PRODUCT_NAME = "$(TARGET_NAME)";
				SWIFT_EMIT_LOC_STRINGS = NO;
				SWIFT_VERSION = 5.0;
				TARGETED_DEVICE_FAMILY = "1,2";
				TEST_TARGET_NAME = "3D-Puzzle-Game";
			};
			name = Debug;
		};
		37F20FFB2D95F065000D8946 /* Release */ = {
			isa = XCBuildConfiguration;
			buildSettings = {
				CODE_SIGN_STYLE = Automatic;
				CURRENT_PROJECT_VERSION = 1;
				GENERATE_INFOPLIST_FILE = YES;
				MARKETING_VERSION = 1.0;
				PRODUCT_BUNDLE_IDENTIFIER = "com.dylanchao.firstProgram.-D-Puzzle-GameUITests";
				PRODUCT_NAME = "$(TARGET_NAME)";
				SWIFT_EMIT_LOC_STRINGS = NO;
				SWIFT_VERSION = 5.0;
				TARGETED_DEVICE_FAMILY = "1,2";
				TEST_TARGET_NAME = "3D-Puzzle-Game";
			};
			name = Release;
		};
/* End XCBuildConfiguration section */

/* Begin XCConfigurationList section */
		37F20FC52D95F060000D8946 /* Build configuration list for PBXProject "3D-Puzzle-Game" */ = {
			isa = XCConfigurationList;
			buildConfigurations = (
				37F20FF12D95F065000D8946 /* Debug */,
				37F20FF22D95F065000D8946 /* Release */,
			);
			defaultConfigurationIsVisible = 0;
			defaultConfigurationName = Release;
		};
		37F20FF32D95F065000D8946 /* Build configuration list for PBXNativeTarget "3D-Puzzle-Game" */ = {
			isa = XCConfigurationList;
			buildConfigurations = (
				37F20FF42D95F065000D8946 /* Debug */,
				37F20FF52D95F065000D8946 /* Release */,
			);
			defaultConfigurationIsVisible = 0;
			defaultConfigurationName = Release;
		};
		37F20FF62D95F065000D8946 /* Build configuration list for PBXNativeTarget "3D-Puzzle-GameTests" */ = {
			isa = XCConfigurationList;
			buildConfigurations = (
				37F20FF72D95F065000D8946 /* Debug */,
				37F20FF82D95F065000D8946 /* Release */,
			);
			defaultConfigurationIsVisible = 0;
			defaultConfigurationName = Release;
		};
		37F20FF92D95F065000D8946 /* Build configuration list for PBXNativeTarget "3D-Puzzle-GameUITests" */ = {
			isa = XCConfigurationList;
			buildConfigurations = (
				37F20FFA2D95F065000D8946 /* Debug */,
				37F20FFB2D95F065000D8946 /* Release */,
			);
			defaultConfigurationIsVisible = 0;
			defaultConfigurationName = Release;
		};
/* End XCConfigurationList section */
	};
	rootObject = 37F20FC22D95F060000D8946 /* Project object */;
}
