// !$*UTF8*$!
{
	archiveVersion = 1;
	classes = {
	};
	objectVersion = 77;
	objects = {

/* Begin PBXBuildFile section */
		3749B2342DA5BB3400A47763 /* SceneKit.framework in Frameworks */ = {isa = PBXBuildFile; fileRef = 3749B2332DA5BB3400A47763 /* SceneKit.framework */; };
		3749B2352DA5C4C700A47763 /* SceneKit.framework in Frameworks */ = {isa = PBXBuildFile; fileRef = 3749B2332DA5BB3400A47763 /* SceneKit.framework */; };
		3749B2372DA5C57200A47763 /* .gitignore in Sources */ = {isa = PBXBuildFile; fileRef = 3749B2362DA5C57200A47763 /* .gitignore */; };
		3780BE8B2DA485DD00835343 /* SceneKit.framework in Frameworks */ = {isa = PBXBuildFile; fileRef = 3780BE8A2DA485DD00835343 /* SceneKit.framework */; };
/* End PBXBuildFile section */

/* Begin PBXContainerItemProxy section */
		37A675EA2DA1D9940089307B /* PBXContainerItemProxy */ = {
			isa = PBXContainerItemProxy;
			containerPortal = 37A675D42DA1D98F0089307B /* Project object */;
			proxyType = 1;
			remoteGlobalIDString = 37A675DB2DA1D98F0089307B;
			remoteInfo = "SwiftUI-3D-Puzzle-Game";
		};
		37A675F42DA1D9940089307B /* PBXContainerItemProxy */ = {
			isa = PBXContainerItemProxy;
			containerPortal = 37A675D42DA1D98F0089307B /* Project object */;
			proxyType = 1;
			remoteGlobalIDString = 37A675DB2DA1D98F0089307B;
			remoteInfo = "SwiftUI-3D-Puzzle-Game";
		};
/* End PBXContainerItemProxy section */

/* Begin PBXFileReference section */
		3749B2332DA5BB3400A47763 /* SceneKit.framework */ = {isa = PBXFileReference; lastKnownFileType = wrapper.framework; name = SceneKit.framework; path = Platforms/MacOSX.platform/Developer/SDKs/MacOSX15.4.sdk/System/iOSSupport/System/Library/Frameworks/SceneKit.framework; sourceTree = DEVELOPER_DIR; };
		3749B2362DA5C57200A47763 /* .gitignore */ = {isa = PBXFileReference; lastKnownFileType = text; path = .gitignore; sourceTree = "<group>"; };
		3780BE8A2DA485DD00835343 /* SceneKit.framework */ = {isa = PBXFileReference; lastKnownFileType = wrapper.framework; name = SceneKit.framework; path = System/Library/Frameworks/SceneKit.framework; sourceTree = SDKROOT; };
		37A675DC2DA1D98F0089307B /* SwiftUI-3D-Puzzle-Game.app */ = {isa = PBXFileReference; explicitFileType = wrapper.application; includeInIndex = 0; path = "SwiftUI-3D-Puzzle-Game.app"; sourceTree = BUILT_PRODUCTS_DIR; };
		37A675E92DA1D9940089307B /* SwiftUI-3D-Puzzle-GameTests.xctest */ = {isa = PBXFileReference; explicitFileType = wrapper.cfbundle; includeInIndex = 0; path = "SwiftUI-3D-Puzzle-GameTests.xctest"; sourceTree = BUILT_PRODUCTS_DIR; };
		37A675F32DA1D9940089307B /* SwiftUI-3D-Puzzle-GameUITests.xctest */ = {isa = PBXFileReference; explicitFileType = wrapper.cfbundle; includeInIndex = 0; path = "SwiftUI-3D-Puzzle-GameUITests.xctest"; sourceTree = BUILT_PRODUCTS_DIR; };
/* End PBXFileReference section */

/* Begin PBXFileSystemSynchronizedRootGroup section */
		37A675EC2DA1D9940089307B /* SwiftUI-3D-Puzzle-GameTests */ = {
			isa = PBXFileSystemSynchronizedRootGroup;
			path = "SwiftUI-3D-Puzzle-GameTests";
			sourceTree = "<group>";
		};
		37A675F62DA1D9940089307B /* SwiftUI-3D-Puzzle-GameUITests */ = {
			isa = PBXFileSystemSynchronizedRootGroup;
			path = "SwiftUI-3D-Puzzle-GameUITests";
			sourceTree = "<group>";
		};
		37A676132DA1DB730089307B /* SwiftUI-3D-Puzzle-Game */ = {
			isa = PBXFileSystemSynchronizedRootGroup;
			path = "SwiftUI-3D-Puzzle-Game";
			sourceTree = "<group>";
		};
/* End PBXFileSystemSynchronizedRootGroup section */

/* Begin PBXFrameworksBuildPhase section */
		37A675D92DA1D98F0089307B /* Frameworks */ = {
			isa = PBXFrameworksBuildPhase;
			buildActionMask = 2147483647;
			files = (
				3780BE8B2DA485DD00835343 /* SceneKit.framework in Frameworks */,
			);
			runOnlyForDeploymentPostprocessing = 0;
		};
		37A675E62DA1D9940089307B /* Frameworks */ = {
			isa = PBXFrameworksBuildPhase;
			buildActionMask = 2147483647;
			files = (
				3749B2342DA5BB3400A47763 /* SceneKit.framework in Frameworks */,
			);
			runOnlyForDeploymentPostprocessing = 0;
		};
		37A675F02DA1D9940089307B /* Frameworks */ = {
			isa = PBXFrameworksBuildPhase;
			buildActionMask = 2147483647;
			files = (
				3749B2352DA5C4C700A47763 /* SceneKit.framework in Frameworks */,
			);
			runOnlyForDeploymentPostprocessing = 0;
		};
/* End PBXFrameworksBuildPhase section */

/* Begin PBXGroup section */
		3780BE892DA485DD00835343 /* Frameworks */ = {
			isa = PBXGroup;
			children = (
				3749B2332DA5BB3400A47763 /* SceneKit.framework */,
				3780BE8A2DA485DD00835343 /* SceneKit.framework */,
			);
			name = Frameworks;
			sourceTree = "<group>";
		};
		37A675D32DA1D98F0089307B = {
			isa = PBXGroup;
			children = (
				3749B2362DA5C57200A47763 /* .gitignore */,
				37A676132DA1DB730089307B /* SwiftUI-3D-Puzzle-Game */,
				37A675EC2DA1D9940089307B /* SwiftUI-3D-Puzzle-GameTests */,
				37A675F62DA1D9940089307B /* SwiftUI-3D-Puzzle-GameUITests */,
				3780BE892DA485DD00835343 /* Frameworks */,
				37A675DD2DA1D98F0089307B /* Products */,
			);
			sourceTree = "<group>";
		};
		37A675DD2DA1D98F0089307B /* Products */ = {
			isa = PBXGroup;
			children = (
				37A675DC2DA1D98F0089307B /* SwiftUI-3D-Puzzle-Game.app */,
				37A675E92DA1D9940089307B /* SwiftUI-3D-Puzzle-GameTests.xctest */,
				37A675F32DA1D9940089307B /* SwiftUI-3D-Puzzle-GameUITests.xctest */,
			);
			name = Products;
			sourceTree = "<group>";
		};
/* End PBXGroup section */

/* Begin PBXNativeTarget section */
		37A675DB2DA1D98F0089307B /* SwiftUI-3D-Puzzle-Game */ = {
			isa = PBXNativeTarget;
			buildConfigurationList = 37A675FD2DA1D9940089307B /* Build configuration list for PBXNativeTarget "SwiftUI-3D-Puzzle-Game" */;
			buildPhases = (
				37A675D82DA1D98F0089307B /* Sources */,
				37A675D92DA1D98F0089307B /* Frameworks */,
				37A675DA2DA1D98F0089307B /* Resources */,
			);
			buildRules = (
			);
			dependencies = (
			);
			fileSystemSynchronizedGroups = (
				37A676132DA1DB730089307B /* SwiftUI-3D-Puzzle-Game */,
			);
			name = "SwiftUI-3D-Puzzle-Game";
			packageProductDependencies = (
			);
			productName = "SwiftUI-3D-Puzzle-Game";
			productReference = 37A675DC2DA1D98F0089307B /* SwiftUI-3D-Puzzle-Game.app */;
			productType = "com.apple.product-type.application";
		};
		37A675E82DA1D9940089307B /* SwiftUI-3D-Puzzle-GameTests */ = {
			isa = PBXNativeTarget;
			buildConfigurationList = 37A676002DA1D9940089307B /* Build configuration list for PBXNativeTarget "SwiftUI-3D-Puzzle-GameTests" */;
			buildPhases = (
				37A675E52DA1D9940089307B /* Sources */,
				37A675E62DA1D9940089307B /* Frameworks */,
				37A675E72DA1D9940089307B /* Resources */,
			);
			buildRules = (
			);
			dependencies = (
				37A675EB2DA1D9940089307B /* PBXTargetDependency */,
			);
			fileSystemSynchronizedGroups = (
				37A675EC2DA1D9940089307B /* SwiftUI-3D-Puzzle-GameTests */,
			);
			name = "SwiftUI-3D-Puzzle-GameTests";
			packageProductDependencies = (
			);
			productName = "SwiftUI-3D-Puzzle-GameTests";
			productReference = 37A675E92DA1D9940089307B /* SwiftUI-3D-Puzzle-GameTests.xctest */;
			productType = "com.apple.product-type.bundle.unit-test";
		};
		37A675F22DA1D9940089307B /* SwiftUI-3D-Puzzle-GameUITests */ = {
			isa = PBXNativeTarget;
			buildConfigurationList = 37A676032DA1D9940089307B /* Build configuration list for PBXNativeTarget "SwiftUI-3D-Puzzle-GameUITests" */;
			buildPhases = (
				37A675EF2DA1D9940089307B /* Sources */,
				37A675F02DA1D9940089307B /* Frameworks */,
				37A675F12DA1D9940089307B /* Resources */,
			);
			buildRules = (
			);
			dependencies = (
				37A675F52DA1D9940089307B /* PBXTargetDependency */,
			);
			fileSystemSynchronizedGroups = (
				37A675F62DA1D9940089307B /* SwiftUI-3D-Puzzle-GameUITests */,
			);
			name = "SwiftUI-3D-Puzzle-GameUITests";
			packageProductDependencies = (
			);
			productName = "SwiftUI-3D-Puzzle-GameUITests";
			productReference = 37A675F32DA1D9940089307B /* SwiftUI-3D-Puzzle-GameUITests.xctest */;
			productType = "com.apple.product-type.bundle.ui-testing";
		};
/* End PBXNativeTarget section */

/* Begin PBXProject section */
		37A675D42DA1D98F0089307B /* Project object */ = {
			isa = PBXProject;
			attributes = {
				BuildIndependentTargetsInParallel = 1;
				LastSwiftUpdateCheck = 1630;
				LastUpgradeCheck = 1630;
				TargetAttributes = {
					37A675DB2DA1D98F0089307B = {
						CreatedOnToolsVersion = 16.3;
					};
					37A675E82DA1D9940089307B = {
						CreatedOnToolsVersion = 16.3;
						TestTargetID = 37A675DB2DA1D98F0089307B;
					};
					37A675F22DA1D9940089307B = {
						CreatedOnToolsVersion = 16.3;
						TestTargetID = 37A675DB2DA1D98F0089307B;
					};
				};
			};
			buildConfigurationList = 37A675D72DA1D98F0089307B /* Build configuration list for PBXProject "SwiftUI-3D-Puzzle-Game" */;
			developmentRegion = en;
			hasScannedForEncodings = 0;
			knownRegions = (
				en,
				Base,
			);
			mainGroup = 37A675D32DA1D98F0089307B;
			minimizedProjectReferenceProxies = 1;
			preferredProjectObjectVersion = 77;
			productRefGroup = 37A675DD2DA1D98F0089307B /* Products */;
			projectDirPath = "";
			projectRoot = "";
			targets = (
				37A675DB2DA1D98F0089307B /* SwiftUI-3D-Puzzle-Game */,
				37A675E82DA1D9940089307B /* SwiftUI-3D-Puzzle-GameTests */,
				37A675F22DA1D9940089307B /* SwiftUI-3D-Puzzle-GameUITests */,
			);
		};
/* End PBXProject section */

/* Begin PBXResourcesBuildPhase section */
		37A675DA2DA1D98F0089307B /* Resources */ = {
			isa = PBXResourcesBuildPhase;
			buildActionMask = 2147483647;
			files = (
			);
			runOnlyForDeploymentPostprocessing = 0;
		};
		37A675E72DA1D9940089307B /* Resources */ = {
			isa = PBXResourcesBuildPhase;
			buildActionMask = 2147483647;
			files = (
			);
			runOnlyForDeploymentPostprocessing = 0;
		};
		37A675F12DA1D9940089307B /* Resources */ = {
			isa = PBXResourcesBuildPhase;
			buildActionMask = 2147483647;
			files = (
			);
			runOnlyForDeploymentPostprocessing = 0;
		};
/* End PBXResourcesBuildPhase section */

/* Begin PBXSourcesBuildPhase section */
		37A675D82DA1D98F0089307B /* Sources */ = {
			isa = PBXSourcesBuildPhase;
			buildActionMask = 2147483647;
			files = (
				3749B2372DA5C57200A47763 /* .gitignore in Sources */,
			);
			runOnlyForDeploymentPostprocessing = 0;
		};
		37A675E52DA1D9940089307B /* Sources */ = {
			isa = PBXSourcesBuildPhase;
			buildActionMask = 2147483647;
			files = (
			);
			runOnlyForDeploymentPostprocessing = 0;
		};
		37A675EF2DA1D9940089307B /* Sources */ = {
			isa = PBXSourcesBuildPhase;
			buildActionMask = 2147483647;
			files = (
			);
			runOnlyForDeploymentPostprocessing = 0;
		};
/* End PBXSourcesBuildPhase section */

/* Begin PBXTargetDependency section */
		37A675EB2DA1D9940089307B /* PBXTargetDependency */ = {
			isa = PBXTargetDependency;
			target = 37A675DB2DA1D98F0089307B /* SwiftUI-3D-Puzzle-Game */;
			targetProxy = 37A675EA2DA1D9940089307B /* PBXContainerItemProxy */;
		};
		37A675F52DA1D9940089307B /* PBXTargetDependency */ = {
			isa = PBXTargetDependency;
			target = 37A675DB2DA1D98F0089307B /* SwiftUI-3D-Puzzle-Game */;
			targetProxy = 37A675F42DA1D9940089307B /* PBXContainerItemProxy */;
		};
/* End PBXTargetDependency section */

/* Begin XCBuildConfiguration section */
		37A675FB2DA1D9940089307B /* Debug */ = {
			isa = XCBuildConfiguration;
			buildSettings = {
				ALWAYS_SEARCH_USER_PATHS = NO;
				ASSETCATALOG_COMPILER_GENERATE_SWIFT_ASSET_SYMBOL_EXTENSIONS = YES;
				CLANG_ANALYZER_NONNULL = YES;
				CLANG_ANALYZER_NUMBER_OBJECT_CONVERSION = YES_AGGRESSIVE;
				CLANG_CXX_LANGUAGE_STANDARD = "gnu++20";
				CLANG_ENABLE_MODULES = YES;
				CLANG_ENABLE_OBJC_ARC = YES;
				CLANG_ENABLE_OBJC_WEAK = YES;
				CLANG_WARN_BLOCK_CAPTURE_AUTORELEASING = YES;
				CLANG_WARN_BOOL_CONVERSION = YES;
				CLANG_WARN_COMMA = YES;
				CLANG_WARN_CONSTANT_CONVERSION = YES;
				CLANG_WARN_DEPRECATED_OBJC_IMPLEMENTATIONS = YES;
				CLANG_WARN_DIRECT_OBJC_ISA_USAGE = YES_ERROR;
				CLANG_WARN_DOCUMENTATION_COMMENTS = YES;
				CLANG_WARN_EMPTY_BODY = YES;
				CLANG_WARN_ENUM_CONVERSION = YES;
				CLANG_WARN_INFINITE_RECURSION = YES;
				CLANG_WARN_INT_CONVERSION = YES;
				CLANG_WARN_NON_LITERAL_NULL_CONVERSION = YES;
				CLANG_WARN_OBJC_IMPLICIT_RETAIN_SELF = YES;
				CLANG_WARN_OBJC_LITERAL_CONVERSION = YES;
				CLANG_WARN_OBJC_ROOT_CLASS = YES_ERROR;
				CLANG_WARN_QUOTED_INCLUDE_IN_FRAMEWORK_HEADER = YES;
				CLANG_WARN_RANGE_LOOP_ANALYSIS = YES;
				CLANG_WARN_STRICT_PROTOTYPES = YES;
				CLANG_WARN_SUSPICIOUS_MOVE = YES;
				CLANG_WARN_UNGUARDED_AVAILABILITY = YES_AGGRESSIVE;
				CLANG_WARN_UNREACHABLE_CODE = YES;
				CLANG_WARN__DUPLICATE_METHOD_MATCH = YES;
				COPY_PHASE_STRIP = NO;
				DEBUG_INFORMATION_FORMAT = dwarf;
				ENABLE_STRICT_OBJC_MSGSEND = YES;
				ENABLE_TESTABILITY = YES;
				ENABLE_USER_SCRIPT_SANDBOXING = YES;
				GCC_C_LANGUAGE_STANDARD = gnu17;
				GCC_DYNAMIC_NO_PIC = NO;
				GCC_NO_COMMON_BLOCKS = YES;
				GCC_OPTIMIZATION_LEVEL = 0;
				GCC_PREPROCESSOR_DEFINITIONS = (
					"DEBUG=1",
					"$(inherited)",
				);
				GCC_WARN_64_TO_32_BIT_CONVERSION = YES;
				GCC_WARN_ABOUT_RETURN_TYPE = YES_ERROR;
				GCC_WARN_UNDECLARED_SELECTOR = YES;
				GCC_WARN_UNINITIALIZED_AUTOS = YES_AGGRESSIVE;
				GCC_WARN_UNUSED_FUNCTION = YES;
				GCC_WARN_UNUSED_VARIABLE = YES;
				IPHONEOS_DEPLOYMENT_TARGET = 18.4;
				LOCALIZATION_PREFERS_STRING_CATALOGS = YES;
				MTL_ENABLE_DEBUG_INFO = INCLUDE_SOURCE;
				MTL_FAST_MATH = YES;
				ONLY_ACTIVE_ARCH = YES;
				SDKROOT = iphoneos;
				SWIFT_ACTIVE_COMPILATION_CONDITIONS = "DEBUG $(inherited)";
				SWIFT_OPTIMIZATION_LEVEL = "-Onone";
			};
			name = Debug;
		};
		37A675FC2DA1D9940089307B /* Release */ = {
			isa = XCBuildConfiguration;
			buildSettings = {
				ALWAYS_SEARCH_USER_PATHS = NO;
				ASSETCATALOG_COMPILER_GENERATE_SWIFT_ASSET_SYMBOL_EXTENSIONS = YES;
				CLANG_ANALYZER_NONNULL = YES;
				CLANG_ANALYZER_NUMBER_OBJECT_CONVERSION = YES_AGGRESSIVE;
				CLANG_CXX_LANGUAGE_STANDARD = "gnu++20";
				CLANG_ENABLE_MODULES = YES;
				CLANG_ENABLE_OBJC_ARC = YES;
				CLANG_ENABLE_OBJC_WEAK = YES;
				CLANG_WARN_BLOCK_CAPTURE_AUTORELEASING = YES;
				CLANG_WARN_BOOL_CONVERSION = YES;
				CLANG_WARN_COMMA = YES;
				CLANG_WARN_CONSTANT_CONVERSION = YES;
				CLANG_WARN_DEPRECATED_OBJC_IMPLEMENTATIONS = YES;
				CLANG_WARN_DIRECT_OBJC_ISA_USAGE = YES_ERROR;
				CLANG_WARN_DOCUMENTATION_COMMENTS = YES;
				CLANG_WARN_EMPTY_BODY = YES;
				CLANG_WARN_ENUM_CONVERSION = YES;
				CLANG_WARN_INFINITE_RECURSION = YES;
				CLANG_WARN_INT_CONVERSION = YES;
				CLANG_WARN_NON_LITERAL_NULL_CONVERSION = YES;
				CLANG_WARN_OBJC_IMPLICIT_RETAIN_SELF = YES;
				CLANG_WARN_OBJC_LITERAL_CONVERSION = YES;
				CLANG_WARN_OBJC_ROOT_CLASS = YES_ERROR;
				CLANG_WARN_QUOTED_INCLUDE_IN_FRAMEWORK_HEADER = YES;
				CLANG_WARN_RANGE_LOOP_ANALYSIS = YES;
				CLANG_WARN_STRICT_PROTOTYPES = YES;
				CLANG_WARN_SUSPICIOUS_MOVE = YES;
				CLANG_WARN_UNGUARDED_AVAILABILITY = YES_AGGRESSIVE;
				CLANG_WARN_UNREACHABLE_CODE = YES;
				CLANG_WARN__DUPLICATE_METHOD_MATCH = YES;
				COPY_PHASE_STRIP = NO;
				DEBUG_INFORMATION_FORMAT = "dwarf-with-dsym";
				ENABLE_NS_ASSERTIONS = NO;
				ENABLE_STRICT_OBJC_MSGSEND = YES;
				ENABLE_USER_SCRIPT_SANDBOXING = YES;
				GCC_C_LANGUAGE_STANDARD = gnu17;
				GCC_NO_COMMON_BLOCKS = YES;
				GCC_WARN_64_TO_32_BIT_CONVERSION = YES;
				GCC_WARN_ABOUT_RETURN_TYPE = YES_ERROR;
				GCC_WARN_UNDECLARED_SELECTOR = YES;
				GCC_WARN_UNINITIALIZED_AUTOS = YES_AGGRESSIVE;
				GCC_WARN_UNUSED_FUNCTION = YES;
				GCC_WARN_UNUSED_VARIABLE = YES;
				IPHONEOS_DEPLOYMENT_TARGET = 18.4;
				LOCALIZATION_PREFERS_STRING_CATALOGS = YES;
				MTL_ENABLE_DEBUG_INFO = NO;
				MTL_FAST_MATH = YES;
				SDKROOT = iphoneos;
				SWIFT_COMPILATION_MODE = wholemodule;
				VALIDATE_PRODUCT = YES;
			};
			name = Release;
		};
		37A675FE2DA1D9940089307B /* Debug */ = {
			isa = XCBuildConfiguration;
			buildSettings = {
				ASSETCATALOG_COMPILER_APPICON_NAME = AppIcon;
				ASSETCATALOG_COMPILER_GLOBAL_ACCENT_COLOR_NAME = AccentColor;
				CODE_SIGN_STYLE = Automatic;
				CURRENT_PROJECT_VERSION = 1;
				ENABLE_PREVIEWS = YES;
				GENERATE_INFOPLIST_FILE = YES;
				INFOPLIST_KEY_UIApplicationSceneManifest_Generation = YES;
				INFOPLIST_KEY_UIApplicationSupportsIndirectInputEvents = YES;
				INFOPLIST_KEY_UILaunchScreen_Generation = YES;
				INFOPLIST_KEY_UISupportedInterfaceOrientations_iPad = "UIInterfaceOrientationPortrait UIInterfaceOrientationPortraitUpsideDown UIInterfaceOrientationLandscapeLeft UIInterfaceOrientationLandscapeRight";
				INFOPLIST_KEY_UISupportedInterfaceOrientations_iPhone = "UIInterfaceOrientationPortrait UIInterfaceOrientationLandscapeLeft UIInterfaceOrientationLandscapeRight";
				LD_RUNPATH_SEARCH_PATHS = (
					"$(inherited)",
					"@executable_path/Frameworks",
				);
				MARKETING_VERSION = 1.0;
				PRODUCT_BUNDLE_IDENTIFIER = "com.dylanchao.firstProgram.SwiftUI-3D-Puzzle-Game";
				PRODUCT_NAME = "$(TARGET_NAME)";
				SWIFT_EMIT_LOC_STRINGS = YES;
				SWIFT_VERSION = 5.0;
				TARGETED_DEVICE_FAMILY = "1,2";
			};
			name = Debug;
		};
		37A675FF2DA1D9940089307B /* Release */ = {
			isa = XCBuildConfiguration;
			buildSettings = {
				ASSETCATALOG_COMPILER_APPICON_NAME = AppIcon;
				ASSETCATALOG_COMPILER_GLOBAL_ACCENT_COLOR_NAME = AccentColor;
				CODE_SIGN_STYLE = Automatic;
				CURRENT_PROJECT_VERSION = 1;
				ENABLE_PREVIEWS = YES;
				GENERATE_INFOPLIST_FILE = YES;
				INFOPLIST_KEY_UIApplicationSceneManifest_Generation = YES;
				INFOPLIST_KEY_UIApplicationSupportsIndirectInputEvents = YES;
				INFOPLIST_KEY_UILaunchScreen_Generation = YES;
				INFOPLIST_KEY_UISupportedInterfaceOrientations_iPad = "UIInterfaceOrientationPortrait UIInterfaceOrientationPortraitUpsideDown UIInterfaceOrientationLandscapeLeft UIInterfaceOrientationLandscapeRight";
				INFOPLIST_KEY_UISupportedInterfaceOrientations_iPhone = "UIInterfaceOrientationPortrait UIInterfaceOrientationLandscapeLeft UIInterfaceOrientationLandscapeRight";
				LD_RUNPATH_SEARCH_PATHS = (
					"$(inherited)",
					"@executable_path/Frameworks",
				);
				MARKETING_VERSION = 1.0;
				PRODUCT_BUNDLE_IDENTIFIER = "com.dylanchao.firstProgram.SwiftUI-3D-Puzzle-Game";
				PRODUCT_NAME = "$(TARGET_NAME)";
				SWIFT_EMIT_LOC_STRINGS = YES;
				SWIFT_VERSION = 5.0;
				TARGETED_DEVICE_FAMILY = "1,2";
			};
			name = Release;
		};
		37A676012DA1D9940089307B /* Debug */ = {
			isa = XCBuildConfiguration;
			buildSettings = {
				BUNDLE_LOADER = "$(TEST_HOST)";
				CODE_SIGN_STYLE = Automatic;
				CURRENT_PROJECT_VERSION = 1;
				GENERATE_INFOPLIST_FILE = YES;
				IPHONEOS_DEPLOYMENT_TARGET = 18.4;
				MARKETING_VERSION = 1.0;
				PRODUCT_BUNDLE_IDENTIFIER = "com.dylanchao.firstProgram.SwiftUI-3D-Puzzle-GameTests";
				PRODUCT_NAME = "$(TARGET_NAME)";
				SWIFT_EMIT_LOC_STRINGS = NO;
				SWIFT_VERSION = 5.0;
				TARGETED_DEVICE_FAMILY = "1,2";
				TEST_HOST = "$(BUILT_PRODUCTS_DIR)/SwiftUI-3D-Puzzle-Game.app/$(BUNDLE_EXECUTABLE_FOLDER_PATH)/SwiftUI-3D-Puzzle-Game";
			};
			name = Debug;
		};
		37A676022DA1D9940089307B /* Release */ = {
			isa = XCBuildConfiguration;
			buildSettings = {
				BUNDLE_LOADER = "$(TEST_HOST)";
				CODE_SIGN_STYLE = Automatic;
				CURRENT_PROJECT_VERSION = 1;
				GENERATE_INFOPLIST_FILE = YES;
				IPHONEOS_DEPLOYMENT_TARGET = 18.4;
				MARKETING_VERSION = 1.0;
				PRODUCT_BUNDLE_IDENTIFIER = "com.dylanchao.firstProgram.SwiftUI-3D-Puzzle-GameTests";
				PRODUCT_NAME = "$(TARGET_NAME)";
				SWIFT_EMIT_LOC_STRINGS = NO;
				SWIFT_VERSION = 5.0;
				TARGETED_DEVICE_FAMILY = "1,2";
				TEST_HOST = "$(BUILT_PRODUCTS_DIR)/SwiftUI-3D-Puzzle-Game.app/$(BUNDLE_EXECUTABLE_FOLDER_PATH)/SwiftUI-3D-Puzzle-Game";
			};
			name = Release;
		};
		37A676042DA1D9940089307B /* Debug */ = {
			isa = XCBuildConfiguration;
			buildSettings = {
				CODE_SIGN_STYLE = Automatic;
				CURRENT_PROJECT_VERSION = 1;
				GENERATE_INFOPLIST_FILE = YES;
				MARKETING_VERSION = 1.0;
				PRODUCT_BUNDLE_IDENTIFIER = "com.dylanchao.firstProgram.SwiftUI-3D-Puzzle-GameUITests";
				PRODUCT_NAME = "$(TARGET_NAME)";
				SWIFT_EMIT_LOC_STRINGS = NO;
				SWIFT_VERSION = 5.0;
				TARGETED_DEVICE_FAMILY = "1,2";
				TEST_TARGET_NAME = "SwiftUI-3D-Puzzle-Game";
			};
			name = Debug;
		};
		37A676052DA1D9940089307B /* Release */ = {
			isa = XCBuildConfiguration;
			buildSettings = {
				CODE_SIGN_STYLE = Automatic;
				CURRENT_PROJECT_VERSION = 1;
				GENERATE_INFOPLIST_FILE = YES;
				MARKETING_VERSION = 1.0;
				PRODUCT_BUNDLE_IDENTIFIER = "com.dylanchao.firstProgram.SwiftUI-3D-Puzzle-GameUITests";
				PRODUCT_NAME = "$(TARGET_NAME)";
				SWIFT_EMIT_LOC_STRINGS = NO;
				SWIFT_VERSION = 5.0;
				TARGETED_DEVICE_FAMILY = "1,2";
				TEST_TARGET_NAME = "SwiftUI-3D-Puzzle-Game";
			};
			name = Release;
		};
/* End XCBuildConfiguration section */

/* Begin XCConfigurationList section */
		37A675D72DA1D98F0089307B /* Build configuration list for PBXProject "SwiftUI-3D-Puzzle-Game" */ = {
			isa = XCConfigurationList;
			buildConfigurations = (
				37A675FB2DA1D9940089307B /* Debug */,
				37A675FC2DA1D9940089307B /* Release */,
			);
			defaultConfigurationIsVisible = 0;
			defaultConfigurationName = Release;
		};
		37A675FD2DA1D9940089307B /* Build configuration list for PBXNativeTarget "SwiftUI-3D-Puzzle-Game" */ = {
			isa = XCConfigurationList;
			buildConfigurations = (
				37A675FE2DA1D9940089307B /* Debug */,
				37A675FF2DA1D9940089307B /* Release */,
			);
			defaultConfigurationIsVisible = 0;
			defaultConfigurationName = Release;
		};
		37A676002DA1D9940089307B /* Build configuration list for PBXNativeTarget "SwiftUI-3D-Puzzle-GameTests" */ = {
			isa = XCConfigurationList;
			buildConfigurations = (
				37A676012DA1D9940089307B /* Debug */,
				37A676022DA1D9940089307B /* Release */,
			);
			defaultConfigurationIsVisible = 0;
			defaultConfigurationName = Release;
		};
		37A676032DA1D9940089307B /* Build configuration list for PBXNativeTarget "SwiftUI-3D-Puzzle-GameUITests" */ = {
			isa = XCConfigurationList;
			buildConfigurations = (
				37A676042DA1D9940089307B /* Debug */,
				37A676052DA1D9940089307B /* Release */,
			);
			defaultConfigurationIsVisible = 0;
			defaultConfigurationName = Release;
		};
/* End XCConfigurationList section */
	};
	rootObject = 37A675D42DA1D98F0089307B /* Project object */;
}
