// !$*UTF8*$!
{
	archiveVersion = 1;
	classes = {
	};
	objectVersion = 77;
	objects = {

/* Begin PBXFileSystemSynchronizedRootGroup section */
		50D557312D80E34100A3B67D /* 3D Puzzle Game */ = {
			isa = PBXFileSystemSynchronizedRootGroup;
			path = "3D Puzzle Game";
			sourceTree = "<group>";
		};
/* End PBXFileSystemSynchronizedRootGroup section */

/* Begin PBXGroup section */
		50D5571B2D80E20F00A3B67D = {
			isa = PBXGroup;
			children = (
				50D557312D80E34100A3B67D /* 3D Puzzle Game */,
			);
			sourceTree = "<group>";
		};
/* End PBXGroup section */

/* Begin PBXProject section */
		50D5571C2D80E20F00A3B67D /* Project object */ = {
			isa = PBXProject;
			attributes = {
				BuildIndependentTargetsInParallel = 1;
				LastUpgradeCheck = 1620;
			};
			buildConfigurationList = 50D5571F2D80E20F00A3B67D /* Build configuration list for PBXProject "3D Puzzle Game" */;
			developmentRegion = en;
			hasScannedForEncodings = 0;
			knownRegions = (
				en,
				Base,
			);
			mainGroup = 50D5571B2D80E20F00A3B67D;
			minimizedProjectReferenceProxies = 1;
			preferredProjectObjectVersion = 77;
			projectDirPath = "";
			projectRoot = "";
			targets = (
			);
		};
/* End PBXProject section */

/* Begin XCBuildConfiguration section */
		50D557202D80E20F00A3B67D /* Debug */ = {
			isa = XCBuildConfiguration;
			buildSettings = {
			};
			name = Debug;
		};
		50D557212D80E20F00A3B67D /* Release */ = {
			isa = XCBuildConfiguration;
			buildSettings = {
			};
			name = Release;
		};
/* End XCBuildConfiguration section */

/* Begin XCConfigurationList section */
		50D5571F2D80E20F00A3B67D /* Build configuration list for PBXProject "3D Puzzle Game" */ = {
			isa = XCConfigurationList;
			buildConfigurations = (
				50D557202D80E20F00A3B67D /* Debug */,
				50D557212D80E20F00A3B67D /* Release */,
			);
			defaultConfigurationIsVisible = 0;
			defaultConfigurationName = Release;
		};
/* End XCConfigurationList section */
	};
	rootObject = 50D5571C2D80E20F00A3B67D /* Project object */;
}
